{
  "name": "24-voice-account",
  "version": "0.1.0",
  "lockfileVersion": 3,
  "requires": true,
  "packages": {
    "": {
      "name": "24-voice-account",
      "version": "0.1.0",
      "dependencies": {
        "web-streams-polyfill": "^4.1.0"
      },
      "engines": {
        "node": ">=18"
      }
    },
    "node_modules/web-streams-polyfill": {
      "version": "4.1.0",
      "resolved": "https://registry.npmjs.org/web-streams-polyfill/-/web-streams-polyfill-4.1.0.tgz",
      "integrity": "sha512-A7Jxrg7+eV+eZR/CIdESDnRGFb6/bcKukGvJBB5snI6cw3is1c2qamkYstC1bY1p08TyMRlN9eTMkxmnKJBPBw==",
      "license": "MIT",
      "engines": {
        "node": ">= 8"
      }
    }
  }
}
